// !$*UTF8*$!
{
	archiveVersion = 1;
	classes = {
	};
	objectVersion = 46;
	objects = {

/* Begin PBXBuildFile section */
		00528FD61DA97A9B00A954CD /* FourWeekTableViewCell.swift in Sources */ = {isa = PBXBuildFile; fileRef = 00528FD41DA97A9B00A954CD /* FourWeekTableViewCell.swift */; };
		00528FD71DA97A9B00A954CD /* FourWeekTableViewCell.xib in Resources */ = {isa = PBXBuildFile; fileRef = 00528FD51DA97A9B00A954CD /* FourWeekTableViewCell.xib */; };
		005ABEED1D8F4A7000C873D8 /* AppDelegate.swift in Sources */ = {isa = PBXBuildFile; fileRef = 005ABEEC1D8F4A7000C873D8 /* AppDelegate.swift */; };
		005ABEEF1D8F4A7000C873D8 /* TimeCardViewController.swift in Sources */ = {isa = PBXBuildFile; fileRef = 005ABEEE1D8F4A7000C873D8 /* TimeCardViewController.swift */; };
		005ABEF21D8F4A7000C873D8 /* Main.storyboard in Resources */ = {isa = PBXBuildFile; fileRef = 005ABEF01D8F4A7000C873D8 /* Main.storyboard */; };
		005ABEF41D8F4A7000C873D8 /* Assets.xcassets in Resources */ = {isa = PBXBuildFile; fileRef = 005ABEF31D8F4A7000C873D8 /* Assets.xcassets */; };
		005ABEF71D8F4A7000C873D8 /* LaunchScreen.storyboard in Resources */ = {isa = PBXBuildFile; fileRef = 005ABEF51D8F4A7000C873D8 /* LaunchScreen.storyboard */; };
		005ABEFF1D8F4AA900C873D8 /* Podfile in Resources */ = {isa = PBXBuildFile; fileRef = 005ABEFE1D8F4AA900C873D8 /* Podfile */; };
		005ABF071D8F7C4A00C873D8 /* DateHelper.swift in Sources */ = {isa = PBXBuildFile; fileRef = 005ABF061D8F7C4A00C873D8 /* DateHelper.swift */; };
		00B890231D90711900E39794 /* Realm_Workday.swift in Sources */ = {isa = PBXBuildFile; fileRef = 00B890221D90711900E39794 /* Realm_Workday.swift */; };
		00B890261D90767700E39794 /* DA_Workday.swift in Sources */ = {isa = PBXBuildFile; fileRef = 00B890251D90767700E39794 /* DA_Workday.swift */; };
		00B890281D9079E500E39794 /* DA_Date.swift in Sources */ = {isa = PBXBuildFile; fileRef = 00B890271D9079E500E39794 /* DA_Date.swift */; };
		00B8902A1D90B97C00E39794 /* TimeCardViewExtension.swift in Sources */ = {isa = PBXBuildFile; fileRef = 00B890291D90B97C00E39794 /* TimeCardViewExtension.swift */; };
		00B8902F1D90C6FC00E39794 /* TimePunchTableViewCell.swift in Sources */ = {isa = PBXBuildFile; fileRef = 00B8902D1D90C6FC00E39794 /* TimePunchTableViewCell.swift */; };
		00B890301D90C6FC00E39794 /* TimePunchTableViewCell.xib in Resources */ = {isa = PBXBuildFile; fileRef = 00B8902E1D90C6FC00E39794 /* TimePunchTableViewCell.xib */; };
		00B890331D90CA6500E39794 /* WeekHoursTableViewCell.swift in Sources */ = {isa = PBXBuildFile; fileRef = 00B890311D90CA6500E39794 /* WeekHoursTableViewCell.swift */; };
		00B890341D90CA6500E39794 /* WeekHoursTableViewCell.xib in Resources */ = {isa = PBXBuildFile; fileRef = 00B890321D90CA6500E39794 /* WeekHoursTableViewCell.xib */; };
		00B890361D90CD2E00E39794 /* GeneralExtensions.swift in Sources */ = {isa = PBXBuildFile; fileRef = 00B890351D90CD2E00E39794 /* GeneralExtensions.swift */; };
		00C9F0391D9C6E0C0030FFD4 /* DA_WorkWeek.swift in Sources */ = {isa = PBXBuildFile; fileRef = 00C9F0381D9C6E0C0030FFD4 /* DA_WorkWeek.swift */; };
		00CD0D2E1D94ADFC00AEBA3D /* TestCollectionViewController.swift in Sources */ = {isa = PBXBuildFile; fileRef = 00CD0D2D1D94ADFC00AEBA3D /* TestCollectionViewController.swift */; };
		5A7EA1C6E43385A7D0CE527D /* Pods_tractwork.framework in Frameworks */ = {isa = PBXBuildFile; fileRef = 3328B384E302251AE030E698 /* Pods_tractwork.framework */; };
/* End PBXBuildFile section */

/* Begin PBXFileReference section */
		00528FD41DA97A9B00A954CD /* FourWeekTableViewCell.swift */ = {isa = PBXFileReference; fileEncoding = 4; lastKnownFileType = sourcecode.swift; path = FourWeekTableViewCell.swift; sourceTree = "<group>"; };
		00528FD51DA97A9B00A954CD /* FourWeekTableViewCell.xib */ = {isa = PBXFileReference; fileEncoding = 4; lastKnownFileType = file.xib; path = FourWeekTableViewCell.xib; sourceTree = "<group>"; };
		005ABEE91D8F4A7000C873D8 /* tractwork.app */ = {isa = PBXFileReference; explicitFileType = wrapper.application; includeInIndex = 0; path = tractwork.app; sourceTree = BUILT_PRODUCTS_DIR; };
		005ABEEC1D8F4A7000C873D8 /* AppDelegate.swift */ = {isa = PBXFileReference; lastKnownFileType = sourcecode.swift; name = AppDelegate.swift; path = tractwork/AppDelegate.swift; sourceTree = "<group>"; };
		005ABEEE1D8F4A7000C873D8 /* TimeCardViewController.swift */ = {isa = PBXFileReference; lastKnownFileType = sourcecode.swift; path = TimeCardViewController.swift; sourceTree = "<group>"; };
		005ABEF11D8F4A7000C873D8 /* Base */ = {isa = PBXFileReference; lastKnownFileType = file.storyboard; name = Base; path = Base.lproj/Main.storyboard; sourceTree = "<group>"; };
		005ABEF31D8F4A7000C873D8 /* Assets.xcassets */ = {isa = PBXFileReference; lastKnownFileType = folder.assetcatalog; name = Assets.xcassets; path = tractwork/Assets.xcassets; sourceTree = "<group>"; };
		005ABEF61D8F4A7000C873D8 /* Base */ = {isa = PBXFileReference; lastKnownFileType = file.storyboard; name = Base; path = Base.lproj/LaunchScreen.storyboard; sourceTree = "<group>"; };
		005ABEF81D8F4A7000C873D8 /* Info.plist */ = {isa = PBXFileReference; lastKnownFileType = text.plist.xml; name = Info.plist; path = tractwork/Info.plist; sourceTree = "<group>"; };
		005ABEFE1D8F4AA900C873D8 /* Podfile */ = {isa = PBXFileReference; fileEncoding = 4; lastKnownFileType = text; path = Podfile; sourceTree = "<group>"; xcLanguageSpecificationIdentifier = xcode.lang.ruby; };
		005ABF051D8F7C3C00C873D8 /* DateHelper.h */ = {isa = PBXFileReference; fileEncoding = 4; lastKnownFileType = sourcecode.c.h; path = DateHelper.h; sourceTree = "<group>"; };
		005ABF061D8F7C4A00C873D8 /* DateHelper.swift */ = {isa = PBXFileReference; fileEncoding = 4; lastKnownFileType = sourcecode.swift; path = DateHelper.swift; sourceTree = "<group>"; };
		00B890221D90711900E39794 /* Realm_Workday.swift */ = {isa = PBXFileReference; fileEncoding = 4; lastKnownFileType = sourcecode.swift; path = Realm_Workday.swift; sourceTree = "<group>"; };
		00B890251D90767700E39794 /* DA_Workday.swift */ = {isa = PBXFileReference; fileEncoding = 4; lastKnownFileType = sourcecode.swift; path = DA_Workday.swift; sourceTree = "<group>"; };
		00B890271D9079E500E39794 /* DA_Date.swift */ = {isa = PBXFileReference; fileEncoding = 4; lastKnownFileType = sourcecode.swift; path = DA_Date.swift; sourceTree = "<group>"; };
		00B890291D90B97C00E39794 /* TimeCardViewExtension.swift */ = {isa = PBXFileReference; fileEncoding = 4; lastKnownFileType = sourcecode.swift; path = TimeCardViewExtension.swift; sourceTree = "<group>"; };
		00B8902D1D90C6FC00E39794 /* TimePunchTableViewCell.swift */ = {isa = PBXFileReference; fileEncoding = 4; lastKnownFileType = sourcecode.swift; path = TimePunchTableViewCell.swift; sourceTree = "<group>"; };
		00B8902E1D90C6FC00E39794 /* TimePunchTableViewCell.xib */ = {isa = PBXFileReference; fileEncoding = 4; lastKnownFileType = file.xib; path = TimePunchTableViewCell.xib; sourceTree = "<group>"; };
		00B890311D90CA6500E39794 /* WeekHoursTableViewCell.swift */ = {isa = PBXFileReference; fileEncoding = 4; lastKnownFileType = sourcecode.swift; path = WeekHoursTableViewCell.swift; sourceTree = "<group>"; };
		00B890321D90CA6500E39794 /* WeekHoursTableViewCell.xib */ = {isa = PBXFileReference; fileEncoding = 4; lastKnownFileType = file.xib; path = WeekHoursTableViewCell.xib; sourceTree = "<group>"; };
		00B890351D90CD2E00E39794 /* GeneralExtensions.swift */ = {isa = PBXFileReference; fileEncoding = 4; lastKnownFileType = sourcecode.swift; path = GeneralExtensions.swift; sourceTree = "<group>"; };
		00C9F0381D9C6E0C0030FFD4 /* DA_WorkWeek.swift */ = {isa = PBXFileReference; fileEncoding = 4; lastKnownFileType = sourcecode.swift; path = DA_WorkWeek.swift; sourceTree = "<group>"; };
		00CD0D2D1D94ADFC00AEBA3D /* TestCollectionViewController.swift */ = {isa = PBXFileReference; fileEncoding = 4; lastKnownFileType = sourcecode.swift; path = TestCollectionViewController.swift; sourceTree = "<group>"; };
		3328B384E302251AE030E698 /* Pods_tractwork.framework */ = {isa = PBXFileReference; explicitFileType = wrapper.framework; includeInIndex = 0; path = Pods_tractwork.framework; sourceTree = BUILT_PRODUCTS_DIR; };
		90873A58A7A9D321CE4D1CD3 /* Pods-tractwork.debug.xcconfig */ = {isa = PBXFileReference; includeInIndex = 1; lastKnownFileType = text.xcconfig; name = "Pods-tractwork.debug.xcconfig"; path = "Pods/Target Support Files/Pods-tractwork/Pods-tractwork.debug.xcconfig"; sourceTree = "<group>"; };
		B3854ABD1A4D8198559ACCAA /* Pods-tractwork.release.xcconfig */ = {isa = PBXFileReference; includeInIndex = 1; lastKnownFileType = text.xcconfig; name = "Pods-tractwork.release.xcconfig"; path = "Pods/Target Support Files/Pods-tractwork/Pods-tractwork.release.xcconfig"; sourceTree = "<group>"; };
/* End PBXFileReference section */

/* Begin PBXFrameworksBuildPhase section */
		005ABEE61D8F4A7000C873D8 /* Frameworks */ = {
			isa = PBXFrameworksBuildPhase;
			buildActionMask = 2147483647;
			files = (
				5A7EA1C6E43385A7D0CE527D /* Pods_tractwork.framework in Frameworks */,
			);
			runOnlyForDeploymentPostprocessing = 0;
		};
/* End PBXFrameworksBuildPhase section */

/* Begin PBXGroup section */
		005ABEE01D8F4A7000C873D8 = {
			isa = PBXGroup;
			children = (
				005ABEEB1D8F4A7000C873D8 /* tractwork */,
				00B8902B1D90BB6600E39794 /* Extensions */,
				00B8902C1D90C6A300E39794 /* Custom Cells */,
				00B890241D90719B00E39794 /* Models */,
				00B8901E1D9066B400E39794 /* Support Files */,
				005ABEEA1D8F4A7000C873D8 /* Products */,
				005ABEFE1D8F4AA900C873D8 /* Podfile */,
				6DABFF95F7E8C6CFD711A548 /* Pods */,
				0B0BECA26F88100B39547913 /* Frameworks */,
				005ABF041D8F7BE000C873D8 /* AFDateHelper */,
			);
			sourceTree = "<group>";
		};
		005ABEEA1D8F4A7000C873D8 /* Products */ = {
			isa = PBXGroup;
			children = (
				005ABEE91D8F4A7000C873D8 /* tractwork.app */,
			);
			name = Products;
			sourceTree = "<group>";
		};
		005ABEEB1D8F4A7000C873D8 /* tractwork */ = {
			isa = PBXGroup;
			children = (
				005ABEF01D8F4A7000C873D8 /* Main.storyboard */,
				005ABEEE1D8F4A7000C873D8 /* TimeCardViewController.swift */,
				00CD0D2D1D94ADFC00AEBA3D /* TestCollectionViewController.swift */,
			);
			path = tractwork;
			sourceTree = "<group>";
		};
		005ABF041D8F7BE000C873D8 /* AFDateHelper */ = {
			isa = PBXGroup;
			children = (
				005ABF051D8F7C3C00C873D8 /* DateHelper.h */,
				005ABF061D8F7C4A00C873D8 /* DateHelper.swift */,
			);
			name = AFDateHelper;
			sourceTree = "<group>";
		};
		00B8901E1D9066B400E39794 /* Support Files */ = {
			isa = PBXGroup;
			children = (
				005ABEEC1D8F4A7000C873D8 /* AppDelegate.swift */,
				005ABEF81D8F4A7000C873D8 /* Info.plist */,
				005ABEF31D8F4A7000C873D8 /* Assets.xcassets */,
				005ABEF51D8F4A7000C873D8 /* LaunchScreen.storyboard */,
			);
			name = "Support Files";
			sourceTree = "<group>";
		};
		00B890241D90719B00E39794 /* Models */ = {
			isa = PBXGroup;
			children = (
				00B890221D90711900E39794 /* Realm_Workday.swift */,
				00B890251D90767700E39794 /* DA_Workday.swift */,
				00B890271D9079E500E39794 /* DA_Date.swift */,
				00C9F0381D9C6E0C0030FFD4 /* DA_WorkWeek.swift */,
			);
			name = Models;
			sourceTree = "<group>";
		};
		00B8902B1D90BB6600E39794 /* Extensions */ = {
			isa = PBXGroup;
			children = (
				00B890291D90B97C00E39794 /* TimeCardViewExtension.swift */,
				00B890351D90CD2E00E39794 /* GeneralExtensions.swift */,
			);
			name = Extensions;
			sourceTree = "<group>";
		};
		00B8902C1D90C6A300E39794 /* Custom Cells */ = {
			isa = PBXGroup;
			children = (
				00B8902D1D90C6FC00E39794 /* TimePunchTableViewCell.swift */,
				00B8902E1D90C6FC00E39794 /* TimePunchTableViewCell.xib */,
				00B890311D90CA6500E39794 /* WeekHoursTableViewCell.swift */,
				00B890321D90CA6500E39794 /* WeekHoursTableViewCell.xib */,
				00528FD41DA97A9B00A954CD /* FourWeekTableViewCell.swift */,
				00528FD51DA97A9B00A954CD /* FourWeekTableViewCell.xib */,
			);
			name = "Custom Cells";
			sourceTree = "<group>";
		};
		0B0BECA26F88100B39547913 /* Frameworks */ = {
			isa = PBXGroup;
			children = (
				3328B384E302251AE030E698 /* Pods_tractwork.framework */,
			);
			name = Frameworks;
			sourceTree = "<group>";
		};
		6DABFF95F7E8C6CFD711A548 /* Pods */ = {
			isa = PBXGroup;
			children = (
				90873A58A7A9D321CE4D1CD3 /* Pods-tractwork.debug.xcconfig */,
				B3854ABD1A4D8198559ACCAA /* Pods-tractwork.release.xcconfig */,
			);
			name = Pods;
			sourceTree = "<group>";
		};
/* End PBXGroup section */

/* Begin PBXNativeTarget section */
		005ABEE81D8F4A7000C873D8 /* tractwork */ = {
			isa = PBXNativeTarget;
			buildConfigurationList = 005ABEFB1D8F4A7000C873D8 /* Build configuration list for PBXNativeTarget "tractwork" */;
			buildPhases = (
				B23CBCCC3A053939EC7D4021 /* [CP] Check Pods Manifest.lock */,
				005ABEE51D8F4A7000C873D8 /* Sources */,
				005ABEE61D8F4A7000C873D8 /* Frameworks */,
				005ABEE71D8F4A7000C873D8 /* Resources */,
				7D529925800350B142048658 /* [CP] Embed Pods Frameworks */,
				4ADB08FF3C16571F3EC7BE6B /* [CP] Copy Pods Resources */,
			);
			buildRules = (
			);
			dependencies = (
			);
			name = tractwork;
			productName = tractwork;
			productReference = 005ABEE91D8F4A7000C873D8 /* tractwork.app */;
			productType = "com.apple.product-type.application";
		};
/* End PBXNativeTarget section */

/* Begin PBXProject section */
		005ABEE11D8F4A7000C873D8 /* Project object */ = {
			isa = PBXProject;
			attributes = {
				LastSwiftUpdateCheck = 0800;
				LastUpgradeCheck = 0800;
				ORGANIZATIONNAME = diligentagility;
				TargetAttributes = {
					005ABEE81D8F4A7000C873D8 = {
						CreatedOnToolsVersion = 8.0;
						DevelopmentTeam = LWH67H9CS7;
						LastSwiftMigration = 0800;
						ProvisioningStyle = Automatic;
					};
				};
			};
			buildConfigurationList = 005ABEE41D8F4A7000C873D8 /* Build configuration list for PBXProject "tractwork" */;
			compatibilityVersion = "Xcode 3.2";
			developmentRegion = English;
			hasScannedForEncodings = 0;
			knownRegions = (
				en,
				Base,
			);
			mainGroup = 005ABEE01D8F4A7000C873D8;
			productRefGroup = 005ABEEA1D8F4A7000C873D8 /* Products */;
			projectDirPath = "";
			projectRoot = "";
			targets = (
				005ABEE81D8F4A7000C873D8 /* tractwork */,
			);
		};
/* End PBXProject section */

/* Begin PBXResourcesBuildPhase section */
		005ABEE71D8F4A7000C873D8 /* Resources */ = {
			isa = PBXResourcesBuildPhase;
			buildActionMask = 2147483647;
			files = (
				00B890301D90C6FC00E39794 /* TimePunchTableViewCell.xib in Resources */,
				005ABEF71D8F4A7000C873D8 /* LaunchScreen.storyboard in Resources */,
				005ABEF41D8F4A7000C873D8 /* Assets.xcassets in Resources */,
				00B890341D90CA6500E39794 /* WeekHoursTableViewCell.xib in Resources */,
				00528FD71DA97A9B00A954CD /* FourWeekTableViewCell.xib in Resources */,
				005ABEFF1D8F4AA900C873D8 /* Podfile in Resources */,
				005ABEF21D8F4A7000C873D8 /* Main.storyboard in Resources */,
			);
			runOnlyForDeploymentPostprocessing = 0;
		};
/* End PBXResourcesBuildPhase section */

/* Begin PBXShellScriptBuildPhase section */
		4ADB08FF3C16571F3EC7BE6B /* [CP] Copy Pods Resources */ = {
			isa = PBXShellScriptBuildPhase;
			buildActionMask = 2147483647;
			files = (
			);
			inputPaths = (
			);
			name = "[CP] Copy Pods Resources";
			outputPaths = (
			);
			runOnlyForDeploymentPostprocessing = 0;
			shellPath = /bin/sh;
			shellScript = "\"${SRCROOT}/Pods/Target Support Files/Pods-tractwork/Pods-tractwork-resources.sh\"\n";
			showEnvVarsInLog = 0;
		};
		7D529925800350B142048658 /* [CP] Embed Pods Frameworks */ = {
			isa = PBXShellScriptBuildPhase;
			buildActionMask = 2147483647;
			files = (
			);
			inputPaths = (
			);
			name = "[CP] Embed Pods Frameworks";
			outputPaths = (
			);
			runOnlyForDeploymentPostprocessing = 0;
			shellPath = /bin/sh;
			shellScript = "\"${SRCROOT}/Pods/Target Support Files/Pods-tractwork/Pods-tractwork-frameworks.sh\"\n";
			showEnvVarsInLog = 0;
		};
		B23CBCCC3A053939EC7D4021 /* [CP] Check Pods Manifest.lock */ = {
			isa = PBXShellScriptBuildPhase;
			buildActionMask = 2147483647;
			files = (
			);
			inputPaths = (
			);
			name = "[CP] Check Pods Manifest.lock";
			outputPaths = (
			);
			runOnlyForDeploymentPostprocessing = 0;
			shellPath = /bin/sh;
			shellScript = "diff \"${PODS_ROOT}/../Podfile.lock\" \"${PODS_ROOT}/Manifest.lock\" > /dev/null\nif [[ $? != 0 ]] ; then\n    cat << EOM\nerror: The sandbox is not in sync with the Podfile.lock. Run 'pod install' or update your CocoaPods installation.\nEOM\n    exit 1\nfi\n";
			showEnvVarsInLog = 0;
		};
/* End PBXShellScriptBuildPhase section */

/* Begin PBXSourcesBuildPhase section */
		005ABEE51D8F4A7000C873D8 /* Sources */ = {
			isa = PBXSourcesBuildPhase;
			buildActionMask = 2147483647;
			files = (
				00B890361D90CD2E00E39794 /* GeneralExtensions.swift in Sources */,
				005ABF071D8F7C4A00C873D8 /* DateHelper.swift in Sources */,
				00B890331D90CA6500E39794 /* WeekHoursTableViewCell.swift in Sources */,
				00CD0D2E1D94ADFC00AEBA3D /* TestCollectionViewController.swift in Sources */,
				00B890231D90711900E39794 /* Realm_Workday.swift in Sources */,
				005ABEEF1D8F4A7000C873D8 /* TimeCardViewController.swift in Sources */,
				00528FD61DA97A9B00A954CD /* FourWeekTableViewCell.swift in Sources */,
				00B890261D90767700E39794 /* DA_Workday.swift in Sources */,
				00B8902A1D90B97C00E39794 /* TimeCardViewExtension.swift in Sources */,
				00C9F0391D9C6E0C0030FFD4 /* DA_WorkWeek.swift in Sources */,
				00B890281D9079E500E39794 /* DA_Date.swift in Sources */,
				005ABEED1D8F4A7000C873D8 /* AppDelegate.swift in Sources */,
				00B8902F1D90C6FC00E39794 /* TimePunchTableViewCell.swift in Sources */,
			);
			runOnlyForDeploymentPostprocessing = 0;
		};
/* End PBXSourcesBuildPhase section */

/* Begin PBXVariantGroup section */
		005ABEF01D8F4A7000C873D8 /* Main.storyboard */ = {
			isa = PBXVariantGroup;
			children = (
				005ABEF11D8F4A7000C873D8 /* Base */,
			);
			name = Main.storyboard;
			sourceTree = "<group>";
		};
		005ABEF51D8F4A7000C873D8 /* LaunchScreen.storyboard */ = {
			isa = PBXVariantGroup;
			children = (
				005ABEF61D8F4A7000C873D8 /* Base */,
			);
			name = LaunchScreen.storyboard;
			path = tractwork;
			sourceTree = "<group>";
		};
/* End PBXVariantGroup section */

/* Begin XCBuildConfiguration section */
		005ABEF91D8F4A7000C873D8 /* Debug */ = {
			isa = XCBuildConfiguration;
			buildSettings = {
				ALWAYS_SEARCH_USER_PATHS = NO;
				CLANG_ANALYZER_NONNULL = YES;
				CLANG_CXX_LANGUAGE_STANDARD = "gnu++0x";
				CLANG_CXX_LIBRARY = "libc++";
				CLANG_ENABLE_MODULES = YES;
				CLANG_ENABLE_OBJC_ARC = YES;
				CLANG_WARN_BOOL_CONVERSION = YES;
				CLANG_WARN_CONSTANT_CONVERSION = YES;
				CLANG_WARN_DIRECT_OBJC_ISA_USAGE = YES_ERROR;
				CLANG_WARN_DOCUMENTATION_COMMENTS = YES;
				CLANG_WARN_EMPTY_BODY = YES;
				CLANG_WARN_ENUM_CONVERSION = YES;
				CLANG_WARN_INFINITE_RECURSION = YES;
				CLANG_WARN_INT_CONVERSION = YES;
				CLANG_WARN_OBJC_ROOT_CLASS = YES_ERROR;
				CLANG_WARN_SUSPICIOUS_MOVE = YES;
				CLANG_WARN_SUSPICIOUS_MOVES = YES;
				CLANG_WARN_UNREACHABLE_CODE = YES;
				CLANG_WARN__DUPLICATE_METHOD_MATCH = YES;
				"CODE_SIGN_IDENTITY[sdk=iphoneos*]" = "iPhone Developer";
				COPY_PHASE_STRIP = NO;
				DEBUG_INFORMATION_FORMAT = dwarf;
				ENABLE_STRICT_OBJC_MSGSEND = YES;
				ENABLE_TESTABILITY = YES;
				GCC_C_LANGUAGE_STANDARD = gnu99;
				GCC_DYNAMIC_NO_PIC = NO;
				GCC_NO_COMMON_BLOCKS = YES;
				GCC_OPTIMIZATION_LEVEL = 0;
				GCC_PREPROCESSOR_DEFINITIONS = (
					"DEBUG=1",
					"$(inherited)",
				);
				GCC_WARN_64_TO_32_BIT_CONVERSION = YES;
				GCC_WARN_ABOUT_RETURN_TYPE = YES_ERROR;
				GCC_WARN_UNDECLARED_SELECTOR = YES;
				GCC_WARN_UNINITIALIZED_AUTOS = YES_AGGRESSIVE;
				GCC_WARN_UNUSED_FUNCTION = YES;
				GCC_WARN_UNUSED_VARIABLE = YES;
				IPHONEOS_DEPLOYMENT_TARGET = 10.0;
				MTL_ENABLE_DEBUG_INFO = YES;
				ONLY_ACTIVE_ARCH = YES;
				SDKROOT = iphoneos;
				SWIFT_ACTIVE_COMPILATION_CONDITIONS = DEBUG;
				SWIFT_OPTIMIZATION_LEVEL = "-Onone";
				TARGETED_DEVICE_FAMILY = "1,2";
			};
			name = Debug;
		};
		005ABEFA1D8F4A7000C873D8 /* Release */ = {
			isa = XCBuildConfiguration;
			buildSettings = {
				ALWAYS_SEARCH_USER_PATHS = NO;
				CLANG_ANALYZER_NONNULL = YES;
				CLANG_CXX_LANGUAGE_STANDARD = "gnu++0x";
				CLANG_CXX_LIBRARY = "libc++";
				CLANG_ENABLE_MODULES = YES;
				CLANG_ENABLE_OBJC_ARC = YES;
				CLANG_WARN_BOOL_CONVERSION = YES;
				CLANG_WARN_CONSTANT_CONVERSION = YES;
				CLANG_WARN_DIRECT_OBJC_ISA_USAGE = YES_ERROR;
				CLANG_WARN_DOCUMENTATION_COMMENTS = YES;
				CLANG_WARN_EMPTY_BODY = YES;
				CLANG_WARN_ENUM_CONVERSION = YES;
				CLANG_WARN_INFINITE_RECURSION = YES;
				CLANG_WARN_INT_CONVERSION = YES;
				CLANG_WARN_OBJC_ROOT_CLASS = YES_ERROR;
				CLANG_WARN_SUSPICIOUS_MOVE = YES;
				CLANG_WARN_SUSPICIOUS_MOVES = YES;
				CLANG_WARN_UNREACHABLE_CODE = YES;
				CLANG_WARN__DUPLICATE_METHOD_MATCH = YES;
				"CODE_SIGN_IDENTITY[sdk=iphoneos*]" = "iPhone Developer";
				COPY_PHASE_STRIP = NO;
				DEBUG_INFORMATION_FORMAT = "dwarf-with-dsym";
				ENABLE_NS_ASSERTIONS = NO;
				ENABLE_STRICT_OBJC_MSGSEND = YES;
				GCC_C_LANGUAGE_STANDARD = gnu99;
				GCC_NO_COMMON_BLOCKS = YES;
				GCC_WARN_64_TO_32_BIT_CONVERSION = YES;
				GCC_WARN_ABOUT_RETURN_TYPE = YES_ERROR;
				GCC_WARN_UNDECLARED_SELECTOR = YES;
				GCC_WARN_UNINITIALIZED_AUTOS = YES_AGGRESSIVE;
				GCC_WARN_UNUSED_FUNCTION = YES;
				GCC_WARN_UNUSED_VARIABLE = YES;
				IPHONEOS_DEPLOYMENT_TARGET = 10.0;
				MTL_ENABLE_DEBUG_INFO = NO;
				SDKROOT = iphoneos;
				SWIFT_OPTIMIZATION_LEVEL = "-Owholemodule";
				TARGETED_DEVICE_FAMILY = "1,2";
				VALIDATE_PRODUCT = YES;
			};
			name = Release;
		};
		005ABEFC1D8F4A7000C873D8 /* Debug */ = {
			isa = XCBuildConfiguration;
			baseConfigurationReference = 90873A58A7A9D321CE4D1CD3 /* Pods-tractwork.debug.xcconfig */;
			buildSettings = {
				ALWAYS_EMBED_SWIFT_STANDARD_LIBRARIES = YES;
				ASSETCATALOG_COMPILER_APPICON_NAME = AppIcon;
				CLANG_ENABLE_MODULES = YES;
				DEVELOPMENT_TEAM = LWH67H9CS7;
				INFOPLIST_FILE = tractwork/Info.plist;
				LD_RUNPATH_SEARCH_PATHS = "$(inherited) @executable_path/Frameworks";
				PRODUCT_BUNDLE_IDENTIFIER = diligentagilty.tractwork;
				PRODUCT_NAME = "$(TARGET_NAME)";
				SWIFT_OPTIMIZATION_LEVEL = "-Onone";
				SWIFT_VERSION = 3.0;
			};
			name = Debug;
		};
		005ABEFD1D8F4A7000C873D8 /* Release */ = {
			isa = XCBuildConfiguration;
			baseConfigurationReference = B3854ABD1A4D8198559ACCAA /* Pods-tractwork.release.xcconfig */;
			buildSettings = {
				ALWAYS_EMBED_SWIFT_STANDARD_LIBRARIES = YES;
				ASSETCATALOG_COMPILER_APPICON_NAME = AppIcon;
				CLANG_ENABLE_MODULES = YES;
				DEVELOPMENT_TEAM = LWH67H9CS7;
				INFOPLIST_FILE = tractwork/Info.plist;
				LD_RUNPATH_SEARCH_PATHS = "$(inherited) @executable_path/Frameworks";
				PRODUCT_BUNDLE_IDENTIFIER = diligentagilty.tractwork;
				PRODUCT_NAME = "$(TARGET_NAME)";
				SWIFT_VERSION = 3.0;
			};
			name = Release;
		};
/* End XCBuildConfiguration section */

/* Begin XCConfigurationList section */
		005ABEE41D8F4A7000C873D8 /* Build configuration list for PBXProject "tractwork" */ = {
			isa = XCConfigurationList;
			buildConfigurations = (
				005ABEF91D8F4A7000C873D8 /* Debug */,
				005ABEFA1D8F4A7000C873D8 /* Release */,
			);
			defaultConfigurationIsVisible = 0;
			defaultConfigurationName = Release;
		};
		005ABEFB1D8F4A7000C873D8 /* Build configuration list for PBXNativeTarget "tractwork" */ = {
			isa = XCConfigurationList;
			buildConfigurations = (
				005ABEFC1D8F4A7000C873D8 /* Debug */,
				005ABEFD1D8F4A7000C873D8 /* Release */,
			);
			defaultConfigurationIsVisible = 0;
			defaultConfigurationName = Release;
		};
/* End XCConfigurationList section */
	};
	rootObject = 005ABEE11D8F4A7000C873D8 /* Project object */;
}
